
Microsoft Visual Studio Solution File, Format Version 12.00
# Visual Studio Version 16
VisualStudioVersion = 16.0.29230.47
MinimumVisualStudioVersion = 10.0.40219.1
Project("{888888A0-9F3D-457C-B088-3A5042F75D52}") = "pyABF-APisolation", "pyAPisolation\pyAPisolation.pyproj", "{309E1FDF-AC34-46F7-AD12-A763AF3594F1}"
EndProject
Global
	GlobalSection(SolutionConfigurationPlatforms) = preSolution
		Debug|Any CPU = Debug|Any CPU
		Release|Any CPU = Release|Any CPU
	EndGlobalSection
	GlobalSection(ProjectConfigurationPlatforms) = postSolution
		{309E1FDF-AC34-46F7-AD12-A763AF3594F1}.Debug|Any CPU.ActiveCfg = Debug|Any CPU
		{309E1FDF-AC34-46F7-AD12-A763AF3594F1}.Release|Any CPU.ActiveCfg = Release|Any CPU
	EndGlobalSection
	GlobalSection(SolutionProperties) = preSolution
		HideSolutionNode = FALSE
	EndGlobalSection
	GlobalSection(ExtensibilityGlobals) = postSolution
		SolutionGuid = {DCC90F72-F751-4656-8C55-21C945293CA2}
	EndGlobalSection
EndGlobal
